// !$*UTF8*$!
{
	archiveVersion = 1;
	classes = {
	};
	objectVersion = 50;
	objects = {

/* Begin PBXBuildFile section */
		EC3FF104262D92A80048A570 /* Alert.swift in Sources */ = {isa = PBXBuildFile; fileRef = EC3FF103262D92A80048A570 /* Alert.swift */; };
		EC3FF107262E23D80048A570 /* LoadingView.swift in Sources */ = {isa = PBXBuildFile; fileRef = EC3FF106262E23D80048A570 /* LoadingView.swift */; };
		EC3FF10A262E24B20048A570 /* Color+Ext.swift in Sources */ = {isa = PBXBuildFile; fileRef = EC3FF109262E24B20048A570 /* Color+Ext.swift */; };
		EC4418AE262778B000A2FD06 /* AppetizerListCell.swift in Sources */ = {isa = PBXBuildFile; fileRef = EC4418AD262778B000A2FD06 /* AppetizerListCell.swift */; };
		EC84ADA22640AF180010A42E /* User.swift in Sources */ = {isa = PBXBuildFile; fileRef = EC84ADA12640AF180010A42E /* User.swift */; };
		ECB1D8102630DCD500A60962 /* RemoteImage.swift in Sources */ = {isa = PBXBuildFile; fileRef = ECB1D80F2630DCD500A60962 /* RemoteImage.swift */; };
		ECB1D820263187E300A60962 /* AppetizerDetailView.swift in Sources */ = {isa = PBXBuildFile; fileRef = ECB1D81F263187E300A60962 /* AppetizerDetailView.swift */; };
		ECBC32412649621600CEAE86 /* EmptyState.swift in Sources */ = {isa = PBXBuildFile; fileRef = ECBC32402649621600CEAE86 /* EmptyState.swift */; };
		ECCCF57626245622000DC0FF /* SwiftUI_AppetizersApp.swift in Sources */ = {isa = PBXBuildFile; fileRef = ECCCF57526245622000DC0FF /* SwiftUI_AppetizersApp.swift */; };
		ECCCF57826245622000DC0FF /* AppetizerTabView.swift in Sources */ = {isa = PBXBuildFile; fileRef = ECCCF57726245622000DC0FF /* AppetizerTabView.swift */; };
		ECCCF57A26245624000DC0FF /* Assets.xcassets in Resources */ = {isa = PBXBuildFile; fileRef = ECCCF57926245624000DC0FF /* Assets.xcassets */; };
		ECCCF57D26245624000DC0FF /* Preview Assets.xcassets in Resources */ = {isa = PBXBuildFile; fileRef = ECCCF57C26245624000DC0FF /* Preview Assets.xcassets */; };
		ECCCF58E262456D3000DC0FF /* AppetizerListView.swift in Sources */ = {isa = PBXBuildFile; fileRef = ECCCF58D262456D3000DC0FF /* AppetizerListView.swift */; };
		ECCCF591262456DF000DC0FF /* AccountView.swift in Sources */ = {isa = PBXBuildFile; fileRef = ECCCF590262456DF000DC0FF /* AccountView.swift */; };
		ECCCF594262456EE000DC0FF /* OrderView.swift in Sources */ = {isa = PBXBuildFile; fileRef = ECCCF593262456EE000DC0FF /* OrderView.swift */; };
		ECCCF5972624835C000DC0FF /* Appetizer.swift in Sources */ = {isa = PBXBuildFile; fileRef = ECCCF5962624835C000DC0FF /* Appetizer.swift */; };
		ECD41C6526286D01000DCFE8 /* NetworkManager.swift in Sources */ = {isa = PBXBuildFile; fileRef = ECD41C6426286D01000DCFE8 /* NetworkManager.swift */; };
		ECD41C6826286E48000DCFE8 /* APError.swift in Sources */ = {isa = PBXBuildFile; fileRef = ECD41C6726286E48000DCFE8 /* APError.swift */; };
		ECD41C6B2628815C000DCFE8 /* AppetizerListViewModel.swift in Sources */ = {isa = PBXBuildFile; fileRef = ECD41C6A2628815C000DCFE8 /* AppetizerListViewModel.swift */; };
		ECE7667C2636239B00C6B80B /* APButton.swift in Sources */ = {isa = PBXBuildFile; fileRef = ECE7667B2636239B00C6B80B /* APButton.swift */; };
		ECE76680263625A400C6B80B /* XDismissButton.swift in Sources */ = {isa = PBXBuildFile; fileRef = ECE7667F263625A400C6B80B /* XDismissButton.swift */; };
		ECE766832636FCBA00C6B80B /* AccountViewModel.swift in Sources */ = {isa = PBXBuildFile; fileRef = ECE766822636FCBA00C6B80B /* AccountViewModel.swift */; };
		ECE766862636FE8500C6B80B /* String+Ext.swift in Sources */ = {isa = PBXBuildFile; fileRef = ECE766852636FE8500C6B80B /* String+Ext.swift */; };
/* End PBXBuildFile section */

/* Begin PBXFileReference section */
		EC3FF103262D92A80048A570 /* Alert.swift */ = {isa = PBXFileReference; lastKnownFileType = sourcecode.swift; path = Alert.swift; sourceTree = "<group>"; };
		EC3FF106262E23D80048A570 /* LoadingView.swift */ = {isa = PBXFileReference; lastKnownFileType = sourcecode.swift; path = LoadingView.swift; sourceTree = "<group>"; };
		EC3FF109262E24B20048A570 /* Color+Ext.swift */ = {isa = PBXFileReference; lastKnownFileType = sourcecode.swift; path = "Color+Ext.swift"; sourceTree = "<group>"; };
		EC4418AD262778B000A2FD06 /* AppetizerListCell.swift */ = {isa = PBXFileReference; lastKnownFileType = sourcecode.swift; path = AppetizerListCell.swift; sourceTree = "<group>"; };
		EC84ADA12640AF180010A42E /* User.swift */ = {isa = PBXFileReference; lastKnownFileType = sourcecode.swift; path = User.swift; sourceTree = "<group>"; };
		ECB1D80F2630DCD500A60962 /* RemoteImage.swift */ = {isa = PBXFileReference; lastKnownFileType = sourcecode.swift; path = RemoteImage.swift; sourceTree = "<group>"; };
		ECB1D81F263187E300A60962 /* AppetizerDetailView.swift */ = {isa = PBXFileReference; lastKnownFileType = sourcecode.swift; path = AppetizerDetailView.swift; sourceTree = "<group>"; };
		ECBC32402649621600CEAE86 /* EmptyState.swift */ = {isa = PBXFileReference; lastKnownFileType = sourcecode.swift; path = EmptyState.swift; sourceTree = "<group>"; };
		ECCCF57226245622000DC0FF /* SwiftUI_Appetizers.app */ = {isa = PBXFileReference; explicitFileType = wrapper.application; includeInIndex = 0; path = SwiftUI_Appetizers.app; sourceTree = BUILT_PRODUCTS_DIR; };
		ECCCF57526245622000DC0FF /* SwiftUI_AppetizersApp.swift */ = {isa = PBXFileReference; lastKnownFileType = sourcecode.swift; path = SwiftUI_AppetizersApp.swift; sourceTree = "<group>"; };
		ECCCF57726245622000DC0FF /* AppetizerTabView.swift */ = {isa = PBXFileReference; lastKnownFileType = sourcecode.swift; path = AppetizerTabView.swift; sourceTree = "<group>"; };
		ECCCF57926245624000DC0FF /* Assets.xcassets */ = {isa = PBXFileReference; lastKnownFileType = folder.assetcatalog; path = Assets.xcassets; sourceTree = "<group>"; };
		ECCCF57C26245624000DC0FF /* Preview Assets.xcassets */ = {isa = PBXFileReference; lastKnownFileType = folder.assetcatalog; path = "Preview Assets.xcassets"; sourceTree = "<group>"; };
		ECCCF57E26245624000DC0FF /* Info.plist */ = {isa = PBXFileReference; lastKnownFileType = text.plist.xml; path = Info.plist; sourceTree = "<group>"; };
		ECCCF58D262456D3000DC0FF /* AppetizerListView.swift */ = {isa = PBXFileReference; lastKnownFileType = sourcecode.swift; path = AppetizerListView.swift; sourceTree = "<group>"; };
		ECCCF590262456DF000DC0FF /* AccountView.swift */ = {isa = PBXFileReference; lastKnownFileType = sourcecode.swift; path = AccountView.swift; sourceTree = "<group>"; };
		ECCCF593262456EE000DC0FF /* OrderView.swift */ = {isa = PBXFileReference; lastKnownFileType = sourcecode.swift; path = OrderView.swift; sourceTree = "<group>"; };
		ECCCF5962624835C000DC0FF /* Appetizer.swift */ = {isa = PBXFileReference; lastKnownFileType = sourcecode.swift; path = Appetizer.swift; sourceTree = "<group>"; };
		ECD41C6426286D01000DCFE8 /* NetworkManager.swift */ = {isa = PBXFileReference; lastKnownFileType = sourcecode.swift; path = NetworkManager.swift; sourceTree = "<group>"; };
		ECD41C6726286E48000DCFE8 /* APError.swift */ = {isa = PBXFileReference; lastKnownFileType = sourcecode.swift; path = APError.swift; sourceTree = "<group>"; };
		ECD41C6A2628815C000DCFE8 /* AppetizerListViewModel.swift */ = {isa = PBXFileReference; lastKnownFileType = sourcecode.swift; path = AppetizerListViewModel.swift; sourceTree = "<group>"; };
		ECE7667B2636239B00C6B80B /* APButton.swift */ = {isa = PBXFileReference; lastKnownFileType = sourcecode.swift; path = APButton.swift; sourceTree = "<group>"; };
		ECE7667F263625A400C6B80B /* XDismissButton.swift */ = {isa = PBXFileReference; lastKnownFileType = sourcecode.swift; path = XDismissButton.swift; sourceTree = "<group>"; };
		ECE766822636FCBA00C6B80B /* AccountViewModel.swift */ = {isa = PBXFileReference; lastKnownFileType = sourcecode.swift; path = AccountViewModel.swift; sourceTree = "<group>"; };
		ECE766852636FE8500C6B80B /* String+Ext.swift */ = {isa = PBXFileReference; fileEncoding = 4; lastKnownFileType = sourcecode.swift; path = "String+Ext.swift"; sourceTree = "<group>"; };
/* End PBXFileReference section */

/* Begin PBXFrameworksBuildPhase section */
		ECCCF56F26245622000DC0FF /* Frameworks */ = {
			isa = PBXFrameworksBuildPhase;
			buildActionMask = 2147483647;
			files = (
			);
			runOnlyForDeploymentPostprocessing = 0;
		};
/* End PBXFrameworksBuildPhase section */

/* Begin PBXGroup section */
		ECB1D8122631859000A60962 /* Screens */ = {
			isa = PBXGroup;
			children = (
				ECCCF57726245622000DC0FF /* AppetizerTabView.swift */,
				ECB1D8132631859B00A60962 /* AppetizerListView */,
				ECB1D814263185A400A60962 /* AccountView */,
				ECB1D815263185AA00A60962 /* OrderView */,
				ECB1D81F263187E300A60962 /* AppetizerDetailView.swift */,
			);
			path = Screens;
			sourceTree = "<group>";
		};
		ECB1D8132631859B00A60962 /* AppetizerListView */ = {
			isa = PBXGroup;
			children = (
				ECD41C6A2628815C000DCFE8 /* AppetizerListViewModel.swift */,
				ECCCF58D262456D3000DC0FF /* AppetizerListView.swift */,
			);
			path = AppetizerListView;
			sourceTree = "<group>";
		};
		ECB1D814263185A400A60962 /* AccountView */ = {
			isa = PBXGroup;
			children = (
				ECCCF590262456DF000DC0FF /* AccountView.swift */,
				ECE766822636FCBA00C6B80B /* AccountViewModel.swift */,
			);
			path = AccountView;
			sourceTree = "<group>";
		};
		ECB1D815263185AA00A60962 /* OrderView */ = {
			isa = PBXGroup;
			children = (
				ECCCF593262456EE000DC0FF /* OrderView.swift */,
			);
			path = OrderView;
			sourceTree = "<group>";
		};
		ECB1D8162631860600A60962 /* Utilities */ = {
			isa = PBXGroup;
			children = (
				ECB1D8192631862C00A60962 /* Alerts */,
				ECB1D8182631861700A60962 /* Extensions */,
				ECB1D8172631860E00A60962 /* Managers */,
			);
			path = Utilities;
			sourceTree = "<group>";
		};
		ECB1D8172631860E00A60962 /* Managers */ = {
			isa = PBXGroup;
			children = (
				ECD41C6426286D01000DCFE8 /* NetworkManager.swift */,
			);
			path = Managers;
			sourceTree = "<group>";
		};
		ECB1D8182631861700A60962 /* Extensions */ = {
			isa = PBXGroup;
			children = (
				ECE766852636FE8500C6B80B /* String+Ext.swift */,
				EC3FF109262E24B20048A570 /* Color+Ext.swift */,
			);
			path = Extensions;
			sourceTree = "<group>";
		};
		ECB1D8192631862C00A60962 /* Alerts */ = {
			isa = PBXGroup;
			children = (
				ECD41C6726286E48000DCFE8 /* APError.swift */,
				EC3FF103262D92A80048A570 /* Alert.swift */,
			);
			path = Alerts;
			sourceTree = "<group>";
		};
		ECB1D81A2631864B00A60962 /* Model */ = {
			isa = PBXGroup;
			children = (
				ECCCF5962624835C000DC0FF /* Appetizer.swift */,
				EC84ADA12640AF180010A42E /* User.swift */,
			);
			path = Model;
			sourceTree = "<group>";
		};
		ECB1D81B2631867500A60962 /* Views */ = {
			isa = PBXGroup;
			children = (
				ECBC323F264961F600CEAE86 /* Empty States */,
				ECE7667A2636238B00C6B80B /* Buttons */,
				ECB1D81E2631869200A60962 /* Image */,
				ECB1D81D2631868C00A60962 /* Cells */,
				ECB1D81C2631867C00A60962 /* UIKitComponents */,
			);
			path = Views;
			sourceTree = "<group>";
		};
		ECB1D81C2631867C00A60962 /* UIKitComponents */ = {
			isa = PBXGroup;
			children = (
				EC3FF106262E23D80048A570 /* LoadingView.swift */,
			);
			path = UIKitComponents;
			sourceTree = "<group>";
		};
		ECB1D81D2631868C00A60962 /* Cells */ = {
			isa = PBXGroup;
			children = (
				EC4418AD262778B000A2FD06 /* AppetizerListCell.swift */,
			);
			path = Cells;
			sourceTree = "<group>";
		};
		ECB1D81E2631869200A60962 /* Image */ = {
			isa = PBXGroup;
			children = (
				ECB1D80F2630DCD500A60962 /* RemoteImage.swift */,
			);
			path = Image;
			sourceTree = "<group>";
		};
		ECBC323F264961F600CEAE86 /* Empty States */ = {
			isa = PBXGroup;
			children = (
				ECBC32402649621600CEAE86 /* EmptyState.swift */,
			);
			path = "Empty States";
			sourceTree = "<group>";
		};
		ECCCF56926245622000DC0FF = {
			isa = PBXGroup;
			children = (
				ECCCF57426245622000DC0FF /* SwiftUI_Appetizers */,
				ECCCF57326245622000DC0FF /* Products */,
			);
			sourceTree = "<group>";
		};
		ECCCF57326245622000DC0FF /* Products */ = {
			isa = PBXGroup;
			children = (
				ECCCF57226245622000DC0FF /* SwiftUI_Appetizers.app */,
			);
			name = Products;
			sourceTree = "<group>";
		};
		ECCCF57426245622000DC0FF /* SwiftUI_Appetizers */ = {
			isa = PBXGroup;
			children = (
				ECB1D81A2631864B00A60962 /* Model */,
				ECB1D8162631860600A60962 /* Utilities */,
				ECB1D81B2631867500A60962 /* Views */,
				ECB1D8122631859000A60962 /* Screens */,
				ECCCF57526245622000DC0FF /* SwiftUI_AppetizersApp.swift */,
				ECCCF57926245624000DC0FF /* Assets.xcassets */,
				ECCCF57E26245624000DC0FF /* Info.plist */,
				ECCCF57B26245624000DC0FF /* Preview Content */,
			);
			path = SwiftUI_Appetizers;
			sourceTree = "<group>";
		};
		ECCCF57B26245624000DC0FF /* Preview Content */ = {
			isa = PBXGroup;
			children = (
				ECCCF57C26245624000DC0FF /* Preview Assets.xcassets */,
			);
			path = "Preview Content";
			sourceTree = "<group>";
		};
		ECE7667A2636238B00C6B80B /* Buttons */ = {
			isa = PBXGroup;
			children = (
				ECE7667B2636239B00C6B80B /* APButton.swift */,
				ECE7667F263625A400C6B80B /* XDismissButton.swift */,
			);
			path = Buttons;
			sourceTree = "<group>";
		};
/* End PBXGroup section */

/* Begin PBXNativeTarget section */
		ECCCF57126245622000DC0FF /* SwiftUI_Appetizers */ = {
			isa = PBXNativeTarget;
			buildConfigurationList = ECCCF58126245624000DC0FF /* Build configuration list for PBXNativeTarget "SwiftUI_Appetizers" */;
			buildPhases = (
				ECCCF56E26245622000DC0FF /* Sources */,
				ECCCF56F26245622000DC0FF /* Frameworks */,
				ECCCF57026245622000DC0FF /* Resources */,
			);
			buildRules = (
			);
			dependencies = (
			);
			name = SwiftUI_Appetizers;
			productName = SwiftUI_Appetizers;
			productReference = ECCCF57226245622000DC0FF /* SwiftUI_Appetizers.app */;
			productType = "com.apple.product-type.application";
		};
/* End PBXNativeTarget section */

/* Begin PBXProject section */
		ECCCF56A26245622000DC0FF /* Project object */ = {
			isa = PBXProject;
			attributes = {
				LastSwiftUpdateCheck = 1220;
				LastUpgradeCheck = 1220;
				TargetAttributes = {
					ECCCF57126245622000DC0FF = {
						CreatedOnToolsVersion = 12.2;
					};
				};
			};
			buildConfigurationList = ECCCF56D26245622000DC0FF /* Build configuration list for PBXProject "SwiftUI_Appetizers" */;
			compatibilityVersion = "Xcode 9.3";
			developmentRegion = en;
			hasScannedForEncodings = 0;
			knownRegions = (
				en,
				Base,
			);
			mainGroup = ECCCF56926245622000DC0FF;
			productRefGroup = ECCCF57326245622000DC0FF /* Products */;
			projectDirPath = "";
			projectRoot = "";
			targets = (
				ECCCF57126245622000DC0FF /* SwiftUI_Appetizers */,
			);
		};
/* End PBXProject section */

/* Begin PBXResourcesBuildPhase section */
		ECCCF57026245622000DC0FF /* Resources */ = {
			isa = PBXResourcesBuildPhase;
			buildActionMask = 2147483647;
			files = (
				ECCCF57D26245624000DC0FF /* Preview Assets.xcassets in Resources */,
				ECCCF57A26245624000DC0FF /* Assets.xcassets in Resources */,
			);
			runOnlyForDeploymentPostprocessing = 0;
		};
/* End PBXResourcesBuildPhase section */

/* Begin PBXSourcesBuildPhase section */
		ECCCF56E26245622000DC0FF /* Sources */ = {
			isa = PBXSourcesBuildPhase;
			buildActionMask = 2147483647;
			files = (
				ECCCF5972624835C000DC0FF /* Appetizer.swift in Sources */,
				ECD41C6826286E48000DCFE8 /* APError.swift in Sources */,
				ECE76680263625A400C6B80B /* XDismissButton.swift in Sources */,
				EC4418AE262778B000A2FD06 /* AppetizerListCell.swift in Sources */,
				ECE766832636FCBA00C6B80B /* AccountViewModel.swift in Sources */,
				ECD41C6B2628815C000DCFE8 /* AppetizerListViewModel.swift in Sources */,
				EC3FF10A262E24B20048A570 /* Color+Ext.swift in Sources */,
				ECCCF591262456DF000DC0FF /* AccountView.swift in Sources */,
				EC84ADA22640AF180010A42E /* User.swift in Sources */,
				ECE7667C2636239B00C6B80B /* APButton.swift in Sources */,
				ECB1D820263187E300A60962 /* AppetizerDetailView.swift in Sources */,
				EC3FF107262E23D80048A570 /* LoadingView.swift in Sources */,
				ECCCF57826245622000DC0FF /* AppetizerTabView.swift in Sources */,
				ECD41C6526286D01000DCFE8 /* NetworkManager.swift in Sources */,
				ECE766862636FE8500C6B80B /* String+Ext.swift in Sources */,
				ECBC32412649621600CEAE86 /* EmptyState.swift in Sources */,
				ECB1D8102630DCD500A60962 /* RemoteImage.swift in Sources */,
				ECCCF57626245622000DC0FF /* SwiftUI_AppetizersApp.swift in Sources */,
				EC3FF104262D92A80048A570 /* Alert.swift in Sources */,
				ECCCF58E262456D3000DC0FF /* AppetizerListView.swift in Sources */,
				ECCCF594262456EE000DC0FF /* OrderView.swift in Sources */,
			);
			runOnlyForDeploymentPostprocessing = 0;
		};
/* End PBXSourcesBuildPhase section */

/* Begin XCBuildConfiguration section */
		ECCCF57F26245624000DC0FF /* Debug */ = {
			isa = XCBuildConfiguration;
			buildSettings = {
				ALWAYS_SEARCH_USER_PATHS = NO;
				CLANG_ANALYZER_NONNULL = YES;
				CLANG_ANALYZER_NUMBER_OBJECT_CONVERSION = YES_AGGRESSIVE;
				CLANG_CXX_LANGUAGE_STANDARD = "gnu++14";
				CLANG_CXX_LIBRARY = "libc++";
				CLANG_ENABLE_MODULES = YES;
				CLANG_ENABLE_OBJC_ARC = YES;
				CLANG_ENABLE_OBJC_WEAK = YES;
				CLANG_WARN_BLOCK_CAPTURE_AUTORELEASING = YES;
				CLANG_WARN_BOOL_CONVERSION = YES;
				CLANG_WARN_COMMA = YES;
				CLANG_WARN_CONSTANT_CONVERSION = YES;
				CLANG_WARN_DEPRECATED_OBJC_IMPLEMENTATIONS = YES;
				CLANG_WARN_DIRECT_OBJC_ISA_USAGE = YES_ERROR;
				CLANG_WARN_DOCUMENTATION_COMMENTS = YES;
				CLANG_WARN_EMPTY_BODY = YES;
				CLANG_WARN_ENUM_CONVERSION = YES;
				CLANG_WARN_INFINITE_RECURSION = YES;
				CLANG_WARN_INT_CONVERSION = YES;
				CLANG_WARN_NON_LITERAL_NULL_CONVERSION = YES;
				CLANG_WARN_OBJC_IMPLICIT_RETAIN_SELF = YES;
				CLANG_WARN_OBJC_LITERAL_CONVERSION = YES;
				CLANG_WARN_OBJC_ROOT_CLASS = YES_ERROR;
				CLANG_WARN_QUOTED_INCLUDE_IN_FRAMEWORK_HEADER = YES;
				CLANG_WARN_RANGE_LOOP_ANALYSIS = YES;
				CLANG_WARN_STRICT_PROTOTYPES = YES;
				CLANG_WARN_SUSPICIOUS_MOVE = YES;
				CLANG_WARN_UNGUARDED_AVAILABILITY = YES_AGGRESSIVE;
				CLANG_WARN_UNREACHABLE_CODE = YES;
				CLANG_WARN__DUPLICATE_METHOD_MATCH = YES;
				COPY_PHASE_STRIP = NO;
				DEBUG_INFORMATION_FORMAT = dwarf;
				ENABLE_STRICT_OBJC_MSGSEND = YES;
				ENABLE_TESTABILITY = YES;
				GCC_C_LANGUAGE_STANDARD = gnu11;
				GCC_DYNAMIC_NO_PIC = NO;
				GCC_NO_COMMON_BLOCKS = YES;
				GCC_OPTIMIZATION_LEVEL = 0;
				GCC_PREPROCESSOR_DEFINITIONS = (
					"DEBUG=1",
					"$(inherited)",
				);
				GCC_WARN_64_TO_32_BIT_CONVERSION = YES;
				GCC_WARN_ABOUT_RETURN_TYPE = YES_ERROR;
				GCC_WARN_UNDECLARED_SELECTOR = YES;
				GCC_WARN_UNINITIALIZED_AUTOS = YES_AGGRESSIVE;
				GCC_WARN_UNUSED_FUNCTION = YES;
				GCC_WARN_UNUSED_VARIABLE = YES;
				IPHONEOS_DEPLOYMENT_TARGET = 14.2;
				MTL_ENABLE_DEBUG_INFO = INCLUDE_SOURCE;
				MTL_FAST_MATH = YES;
				ONLY_ACTIVE_ARCH = YES;
				SDKROOT = iphoneos;
				SWIFT_ACTIVE_COMPILATION_CONDITIONS = DEBUG;
				SWIFT_OPTIMIZATION_LEVEL = "-Onone";
			};
			name = Debug;
		};
		ECCCF58026245624000DC0FF /* Release */ = {
			isa = XCBuildConfiguration;
			buildSettings = {
				ALWAYS_SEARCH_USER_PATHS = NO;
				CLANG_ANALYZER_NONNULL = YES;
				CLANG_ANALYZER_NUMBER_OBJECT_CONVERSION = YES_AGGRESSIVE;
				CLANG_CXX_LANGUAGE_STANDARD = "gnu++14";
				CLANG_CXX_LIBRARY = "libc++";
				CLANG_ENABLE_MODULES = YES;
				CLANG_ENABLE_OBJC_ARC = YES;
				CLANG_ENABLE_OBJC_WEAK = YES;
				CLANG_WARN_BLOCK_CAPTURE_AUTORELEASING = YES;
				CLANG_WARN_BOOL_CONVERSION = YES;
				CLANG_WARN_COMMA = YES;
				CLANG_WARN_CONSTANT_CONVERSION = YES;
				CLANG_WARN_DEPRECATED_OBJC_IMPLEMENTATIONS = YES;
				CLANG_WARN_DIRECT_OBJC_ISA_USAGE = YES_ERROR;
				CLANG_WARN_DOCUMENTATION_COMMENTS = YES;
				CLANG_WARN_EMPTY_BODY = YES;
				CLANG_WARN_ENUM_CONVERSION = YES;
				CLANG_WARN_INFINITE_RECURSION = YES;
				CLANG_WARN_INT_CONVERSION = YES;
				CLANG_WARN_NON_LITERAL_NULL_CONVERSION = YES;
				CLANG_WARN_OBJC_IMPLICIT_RETAIN_SELF = YES;
				CLANG_WARN_OBJC_LITERAL_CONVERSION = YES;
				CLANG_WARN_OBJC_ROOT_CLASS = YES_ERROR;
				CLANG_WARN_QUOTED_INCLUDE_IN_FRAMEWORK_HEADER = YES;
				CLANG_WARN_RANGE_LOOP_ANALYSIS = YES;
				CLANG_WARN_STRICT_PROTOTYPES = YES;
				CLANG_WARN_SUSPICIOUS_MOVE = YES;
				CLANG_WARN_UNGUARDED_AVAILABILITY = YES_AGGRESSIVE;
				CLANG_WARN_UNREACHABLE_CODE = YES;
				CLANG_WARN__DUPLICATE_METHOD_MATCH = YES;
				COPY_PHASE_STRIP = NO;
				DEBUG_INFORMATION_FORMAT = "dwarf-with-dsym";
				ENABLE_NS_ASSERTIONS = NO;
				ENABLE_STRICT_OBJC_MSGSEND = YES;
				GCC_C_LANGUAGE_STANDARD = gnu11;
				GCC_NO_COMMON_BLOCKS = YES;
				GCC_WARN_64_TO_32_BIT_CONVERSION = YES;
				GCC_WARN_ABOUT_RETURN_TYPE = YES_ERROR;
				GCC_WARN_UNDECLARED_SELECTOR = YES;
				GCC_WARN_UNINITIALIZED_AUTOS = YES_AGGRESSIVE;
				GCC_WARN_UNUSED_FUNCTION = YES;
				GCC_WARN_UNUSED_VARIABLE = YES;
				IPHONEOS_DEPLOYMENT_TARGET = 14.2;
				MTL_ENABLE_DEBUG_INFO = NO;
				MTL_FAST_MATH = YES;
				SDKROOT = iphoneos;
				SWIFT_COMPILATION_MODE = wholemodule;
				SWIFT_OPTIMIZATION_LEVEL = "-O";
				VALIDATE_PRODUCT = YES;
			};
			name = Release;
		};
		ECCCF58226245624000DC0FF /* Debug */ = {
			isa = XCBuildConfiguration;
			buildSettings = {
				ASSETCATALOG_COMPILER_APPICON_NAME = AppIcon;
				ASSETCATALOG_COMPILER_GLOBAL_ACCENT_COLOR_NAME = AccentColor;
				CODE_SIGN_STYLE = Automatic;
				DEVELOPMENT_ASSET_PATHS = "\"SwiftUI_Appetizers/Preview Content\"";
				DEVELOPMENT_TEAM = 7QAYF98LA4;
				ENABLE_PREVIEWS = YES;
				INFOPLIST_FILE = SwiftUI_Appetizers/Info.plist;
				IPHONEOS_DEPLOYMENT_TARGET = 14.0;
				LD_RUNPATH_SEARCH_PATHS = (
					"$(inherited)",
					"@executable_path/Frameworks",
				);
				PRODUCT_BUNDLE_IDENTIFIER = "aglegaspi.SwiftUI-Appetizers";
				PRODUCT_NAME = "$(TARGET_NAME)";
				SWIFT_VERSION = 5.0;
				TARGETED_DEVICE_FAMILY = "1,2";
			};
			name = Debug;
		};
		ECCCF58326245624000DC0FF /* Release */ = {
			isa = XCBuildConfiguration;
			buildSettings = {
				ASSETCATALOG_COMPILER_APPICON_NAME = AppIcon;
				ASSETCATALOG_COMPILER_GLOBAL_ACCENT_COLOR_NAME = AccentColor;
				CODE_SIGN_STYLE = Automatic;
				DEVELOPMENT_ASSET_PATHS = "\"SwiftUI_Appetizers/Preview Content\"";
				DEVELOPMENT_TEAM = 7QAYF98LA4;
				ENABLE_PREVIEWS = YES;
				INFOPLIST_FILE = SwiftUI_Appetizers/Info.plist;
				IPHONEOS_DEPLOYMENT_TARGET = 14.0;
				LD_RUNPATH_SEARCH_PATHS = (
					"$(inherited)",
					"@executable_path/Frameworks",
				);
				PRODUCT_BUNDLE_IDENTIFIER = "aglegaspi.SwiftUI-Appetizers";
				PRODUCT_NAME = "$(TARGET_NAME)";
				SWIFT_VERSION = 5.0;
				TARGETED_DEVICE_FAMILY = "1,2";
			};
			name = Release;
		};
/* End XCBuildConfiguration section */

/* Begin XCConfigurationList section */
		ECCCF56D26245622000DC0FF /* Build configuration list for PBXProject "SwiftUI_Appetizers" */ = {
			isa = XCConfigurationList;
			buildConfigurations = (
				ECCCF57F26245624000DC0FF /* Debug */,
				ECCCF58026245624000DC0FF /* Release */,
			);
			defaultConfigurationIsVisible = 0;
			defaultConfigurationName = Release;
		};
		ECCCF58126245624000DC0FF /* Build configuration list for PBXNativeTarget "SwiftUI_Appetizers" */ = {
			isa = XCConfigurationList;
			buildConfigurations = (
				ECCCF58226245624000DC0FF /* Debug */,
				ECCCF58326245624000DC0FF /* Release */,
			);
			defaultConfigurationIsVisible = 0;
			defaultConfigurationName = Release;
		};
/* End XCConfigurationList section */
	};
	rootObject = ECCCF56A26245622000DC0FF /* Project object */;
}
